// !$*UTF8*$!
{
	archiveVersion = 1;
	classes = {
	};
	objectVersion = 46;
	objects = {

/* Begin PBXBuildFile section */
		2BDCF5021C282D1F002BD2DD /* AppDelegate.swift in Sources */ = {isa = PBXBuildFile; fileRef = 2BDCF5011C282D1F002BD2DD /* AppDelegate.swift */; };
		2BDCF5041C282D1F002BD2DD /* ViewController.swift in Sources */ = {isa = PBXBuildFile; fileRef = 2BDCF5031C282D1F002BD2DD /* ViewController.swift */; };
		2BDCF5071C282D1F002BD2DD /* Main.storyboard in Resources */ = {isa = PBXBuildFile; fileRef = 2BDCF5051C282D1F002BD2DD /* Main.storyboard */; };
		2BDCF5091C282D1F002BD2DD /* Assets.xcassets in Resources */ = {isa = PBXBuildFile; fileRef = 2BDCF5081C282D1F002BD2DD /* Assets.xcassets */; };
		2BDCF50C1C282D1F002BD2DD /* LaunchScreen.storyboard in Resources */ = {isa = PBXBuildFile; fileRef = 2BDCF50A1C282D1F002BD2DD /* LaunchScreen.storyboard */; };
		2BDCF5171C282D1F002BD2DD /* TestGithubTests.swift in Sources */ = {isa = PBXBuildFile; fileRef = 2BDCF5161C282D1F002BD2DD /* TestGithubTests.swift */; };
		2BDCF5221C282D1F002BD2DD /* TestGithubUITests.swift in Sources */ = {isa = PBXBuildFile; fileRef = 2BDCF5211C282D1F002BD2DD /* TestGithubUITests.swift */; };
/* End PBXBuildFile section */

/* Begin PBXContainerItemProxy section */
		2BDCF5131C282D1F002BD2DD /* PBXContainerItemProxy */ = {
			isa = PBXContainerItemProxy;
			containerPortal = 2BDCF4F61C282D1F002BD2DD /* Project object */;
			proxyType = 1;
			remoteGlobalIDString = 2BDCF4FD1C282D1F002BD2DD;
			remoteInfo = TestGithub;
		};
		2BDCF51E1C282D1F002BD2DD /* PBXContainerItemProxy */ = {
			isa = PBXContainerItemProxy;
			containerPortal = 2BDCF4F61C282D1F002BD2DD /* Project object */;
			proxyType = 1;
			remoteGlobalIDString = 2BDCF4FD1C282D1F002BD2DD;
			remoteInfo = TestGithub;
		};
/* End PBXContainerItemProxy section */

/* Begin PBXFileReference section */
		2BDCF4FE1C282D1F002BD2DD /* TestGithub.app */ = {isa = PBXFileReference; explicitFileType = wrapper.application; includeInIndex = 0; path = TestGithub.app; sourceTree = BUILT_PRODUCTS_DIR; };
		2BDCF5011C282D1F002BD2DD /* AppDelegate.swift */ = {isa = PBXFileReference; lastKnownFileType = sourcecode.swift; path = AppDelegate.swift; sourceTree = "<group>"; };
		2BDCF5031C282D1F002BD2DD /* ViewController.swift */ = {isa = PBXFileReference; lastKnownFileType = sourcecode.swift; path = ViewController.swift; sourceTree = "<group>"; };
		2BDCF5061C282D1F002BD2DD /* Base */ = {isa = PBXFileReference; lastKnownFileType = file.storyboard; name = Base; path = Base.lproj/Main.storyboard; sourceTree = "<group>"; };
		2BDCF5081C282D1F002BD2DD /* Assets.xcassets */ = {isa = PBXFileReference; lastKnownFileType = folder.assetcatalog; path = Assets.xcassets; sourceTree = "<group>"; };
		2BDCF50B1C282D1F002BD2DD /* Base */ = {isa = PBXFileReference; lastKnownFileType = file.storyboard; name = Base; path = Base.lproj/LaunchScreen.storyboard; sourceTree = "<group>"; };
		2BDCF50D1C282D1F002BD2DD /* Info.plist */ = {isa = PBXFileReference; lastKnownFileType = text.plist.xml; path = Info.plist; sourceTree = "<group>"; };
		2BDCF5121C282D1F002BD2DD /* TestGithubTests.xctest */ = {isa = PBXFileReference; explicitFileType = wrapper.cfbundle; includeInIndex = 0; path = TestGithubTests.xctest; sourceTree = BUILT_PRODUCTS_DIR; };
		2BDCF5161C282D1F002BD2DD /* TestGithubTests.swift */ = {isa = PBXFileReference; lastKnownFileType = sourcecode.swift; path = TestGithubTests.swift; sourceTree = "<group>"; };
		2BDCF5181C282D1F002BD2DD /* Info.plist */ = {isa = PBXFileReference; lastKnownFileType = text.plist.xml; path = Info.plist; sourceTree = "<group>"; };
		2BDCF51D1C282D1F002BD2DD /* TestGithubUITests.xctest */ = {isa = PBXFileReference; explicitFileType = wrapper.cfbundle; includeInIndex = 0; path = TestGithubUITests.xctest; sourceTree = BUILT_PRODUCTS_DIR; };
		2BDCF5211C282D1F002BD2DD /* TestGithubUITests.swift */ = {isa = PBXFileReference; lastKnownFileType = sourcecode.swift; path = TestGithubUITests.swift; sourceTree = "<group>"; };
		2BDCF5231C282D1F002BD2DD /* Info.plist */ = {isa = PBXFileReference; lastKnownFileType = text.plist.xml; path = Info.plist; sourceTree = "<group>"; };
/* End PBXFileReference section */

/* Begin PBXFrameworksBuildPhase section */
		2BDCF4FB1C282D1F002BD2DD /* Frameworks */ = {
			isa = PBXFrameworksBuildPhase;
			buildActionMask = 2147483647;
			files = (
			);
			runOnlyForDeploymentPostprocessing = 0;
		};
		2BDCF50F1C282D1F002BD2DD /* Frameworks */ = {
			isa = PBXFrameworksBuildPhase;
			buildActionMask = 2147483647;
			files = (
			);
			runOnlyForDeploymentPostprocessing = 0;
		};
		2BDCF51A1C282D1F002BD2DD /* Frameworks */ = {
			isa = PBXFrameworksBuildPhase;
			buildActionMask = 2147483647;
			files = (
			);
			runOnlyForDeploymentPostprocessing = 0;
		};
/* End PBXFrameworksBuildPhase section */

/* Begin PBXGroup section */
		2BDCF4F51C282D1F002BD2DD = {
			isa = PBXGroup;
			children = (
				2BDCF5001C282D1F002BD2DD /* TestGithub */,
				2BDCF5151C282D1F002BD2DD /* TestGithubTests */,
				2BDCF5201C282D1F002BD2DD /* TestGithubUITests */,
				2BDCF4FF1C282D1F002BD2DD /* Products */,
			);
			sourceTree = "<group>";
		};
		2BDCF4FF1C282D1F002BD2DD /* Products */ = {
			isa = PBXGroup;
			children = (
				2BDCF4FE1C282D1F002BD2DD /* TestGithub.app */,
				2BDCF5121C282D1F002BD2DD /* TestGithubTests.xctest */,
				2BDCF51D1C282D1F002BD2DD /* TestGithubUITests.xctest */,
			);
			name = Products;
			sourceTree = "<group>";
		};
		2BDCF5001C282D1F002BD2DD /* TestGithub */ = {
			isa = PBXGroup;
			children = (
				2BDCF5011C282D1F002BD2DD /* AppDelegate.swift */,
				2BDCF5031C282D1F002BD2DD /* ViewController.swift */,
				2BDCF5051C282D1F002BD2DD /* Main.storyboard */,
				2BDCF5081C282D1F002BD2DD /* Assets.xcassets */,
				2BDCF50A1C282D1F002BD2DD /* LaunchScreen.storyboard */,
				2BDCF50D1C282D1F002BD2DD /* Info.plist */,
			);
			path = TestGithub;
			sourceTree = "<group>";
		};
		2BDCF5151C282D1F002BD2DD /* TestGithubTests */ = {
			isa = PBXGroup;
			children = (
				2BDCF5161C282D1F002BD2DD /* TestGithubTests.swift */,
				2BDCF5181C282D1F002BD2DD /* Info.plist */,
			);
			path = TestGithubTests;
			sourceTree = "<group>";
		};
		2BDCF5201C282D1F002BD2DD /* TestGithubUITests */ = {
			isa = PBXGroup;
			children = (
				2BDCF5211C282D1F002BD2DD /* TestGithubUITests.swift */,
				2BDCF5231C282D1F002BD2DD /* Info.plist */,
			);
			path = TestGithubUITests;
			sourceTree = "<group>";
		};
/* End PBXGroup section */

/* Begin PBXNativeTarget section */
		2BDCF4FD1C282D1F002BD2DD /* TestGithub */ = {
			isa = PBXNativeTarget;
			buildConfigurationList = 2BDCF5261C282D1F002BD2DD /* Build configuration list for PBXNativeTarget "TestGithub" */;
			buildPhases = (
				2BDCF4FA1C282D1F002BD2DD /* Sources */,
				2BDCF4FB1C282D1F002BD2DD /* Frameworks */,
				2BDCF4FC1C282D1F002BD2DD /* Resources */,
			);
			buildRules = (
			);
			dependencies = (
			);
			name = TestGithub;
			productName = TestGithub;
			productReference = 2BDCF4FE1C282D1F002BD2DD /* TestGithub.app */;
			productType = "com.apple.product-type.application";
		};
		2BDCF5111C282D1F002BD2DD /* TestGithubTests */ = {
			isa = PBXNativeTarget;
			buildConfigurationList = 2BDCF5291C282D1F002BD2DD /* Build configuration list for PBXNativeTarget "TestGithubTests" */;
			buildPhases = (
				2BDCF50E1C282D1F002BD2DD /* Sources */,
				2BDCF50F1C282D1F002BD2DD /* Frameworks */,
				2BDCF5101C282D1F002BD2DD /* Resources */,
			);
			buildRules = (
			);
			dependencies = (
				2BDCF5141C282D1F002BD2DD /* PBXTargetDependency */,
			);
			name = TestGithubTests;
			productName = TestGithubTests;
			productReference = 2BDCF5121C282D1F002BD2DD /* TestGithubTests.xctest */;
			productType = "com.apple.product-type.bundle.unit-test";
		};
		2BDCF51C1C282D1F002BD2DD /* TestGithubUITests */ = {
			isa = PBXNativeTarget;
			buildConfigurationList = 2BDCF52C1C282D1F002BD2DD /* Build configuration list for PBXNativeTarget "TestGithubUITests" */;
			buildPhases = (
				2BDCF5191C282D1F002BD2DD /* Sources */,
				2BDCF51A1C282D1F002BD2DD /* Frameworks */,
				2BDCF51B1C282D1F002BD2DD /* Resources */,
			);
			buildRules = (
			);
			dependencies = (
				2BDCF51F1C282D1F002BD2DD /* PBXTargetDependency */,
			);
			name = TestGithubUITests;
			productName = TestGithubUITests;
			productReference = 2BDCF51D1C282D1F002BD2DD /* TestGithubUITests.xctest */;
			productType = "com.apple.product-type.bundle.ui-testing";
		};
/* End PBXNativeTarget section */

/* Begin PBXProject section */
		2BDCF4F61C282D1F002BD2DD /* Project object */ = {
			isa = PBXProject;
			attributes = {
				LastSwiftUpdateCheck = 0720;
				LastUpgradeCheck = 0720;
				ORGANIZATIONNAME = Songlin;
				TargetAttributes = {
					2BDCF4FD1C282D1F002BD2DD = {
						CreatedOnToolsVersion = 7.2;
						DevelopmentTeam = 62Y9ZYGMQ9;
					};
					2BDCF5111C282D1F002BD2DD = {
						CreatedOnToolsVersion = 7.2;
						DevelopmentTeam = 62Y9ZYGMQ9;
						TestTargetID = 2BDCF4FD1C282D1F002BD2DD;
					};
					2BDCF51C1C282D1F002BD2DD = {
						CreatedOnToolsVersion = 7.2;
						DevelopmentTeam = 62Y9ZYGMQ9;
						TestTargetID = 2BDCF4FD1C282D1F002BD2DD;
					};
				};
			};
			buildConfigurationList = 2BDCF4F91C282D1F002BD2DD /* Build configuration list for PBXProject "TestGithub" */;
			compatibilityVersion = "Xcode 3.2";
			developmentRegion = English;
			hasScannedForEncodings = 0;
			knownRegions = (
				en,
				Base,
			);
			mainGroup = 2BDCF4F51C282D1F002BD2DD;
			productRefGroup = 2BDCF4FF1C282D1F002BD2DD /* Products */;
			projectDirPath = "";
			projectRoot = "";
			targets = (
				2BDCF4FD1C282D1F002BD2DD /* TestGithub */,
				2BDCF5111C282D1F002BD2DD /* TestGithubTests */,
				2BDCF51C1C282D1F002BD2DD /* TestGithubUITests */,
			);
		};
/* End PBXProject section */

/* Begin PBXResourcesBuildPhase section */
		2BDCF4FC1C282D1F002BD2DD /* Resources */ = {
			isa = PBXResourcesBuildPhase;
			buildActionMask = 2147483647;
			files = (
				2BDCF50C1C282D1F002BD2DD /* LaunchScreen.storyboard in Resources */,
				2BDCF5091C282D1F002BD2DD /* Assets.xcassets in Resources */,
				2BDCF5071C282D1F002BD2DD /* Main.storyboard in Resources */,
			);
			runOnlyForDeploymentPostprocessing = 0;
		};
		2BDCF5101C282D1F002BD2DD /* Resources */ = {
			isa = PBXResourcesBuildPhase;
			buildActionMask = 2147483647;
			files = (
			);
			runOnlyForDeploymentPostprocessing = 0;
		};
		2BDCF51B1C282D1F002BD2DD /* Resources */ = {
			isa = PBXResourcesBuildPhase;
			buildActionMask = 2147483647;
			files = (
			);
			runOnlyForDeploymentPostprocessing = 0;
		};
/* End PBXResourcesBuildPhase section */

/* Begin PBXSourcesBuildPhase section */
		2BDCF4FA1C282D1F002BD2DD /* Sources */ = {
			isa = PBXSourcesBuildPhase;
			buildActionMask = 2147483647;
			files = (
				2BDCF5041C282D1F002BD2DD /* ViewController.swift in Sources */,
				2BDCF5021C282D1F002BD2DD /* AppDelegate.swift in Sources */,
			);
			runOnlyForDeploymentPostprocessing = 0;
		};
		2BDCF50E1C282D1F002BD2DD /* Sources */ = {
			isa = PBXSourcesBuildPhase;
			buildActionMask = 2147483647;
			files = (
				2BDCF5171C282D1F002BD2DD /* TestGithubTests.swift in Sources */,
			);
			runOnlyForDeploymentPostprocessing = 0;
		};
		2BDCF5191C282D1F002BD2DD /* Sources */ = {
			isa = PBXSourcesBuildPhase;
			buildActionMask = 2147483647;
			files = (
				2BDCF5221C282D1F002BD2DD /* TestGithubUITests.swift in Sources */,
			);
			runOnlyForDeploymentPostprocessing = 0;
		};
/* End PBXSourcesBuildPhase section */

/* Begin PBXTargetDependency section */
		2BDCF5141C282D1F002BD2DD /* PBXTargetDependency */ = {
			isa = PBXTargetDependency;
			target = 2BDCF4FD1C282D1F002BD2DD /* TestGithub */;
			targetProxy = 2BDCF5131C282D1F002BD2DD /* PBXContainerItemProxy */;
		};
		2BDCF51F1C282D1F002BD2DD /* PBXTargetDependency */ = {
			isa = PBXTargetDependency;
			target = 2BDCF4FD1C282D1F002BD2DD /* TestGithub */;
			targetProxy = 2BDCF51E1C282D1F002BD2DD /* PBXContainerItemProxy */;
		};
/* End PBXTargetDependency section */

/* Begin PBXVariantGroup section */
		2BDCF5051C282D1F002BD2DD /* Main.storyboard */ = {
			isa = PBXVariantGroup;
			children = (
				2BDCF5061C282D1F002BD2DD /* Base */,
			);
			name = Main.storyboard;
			sourceTree = "<group>";
		};
		2BDCF50A1C282D1F002BD2DD /* LaunchScreen.storyboard */ = {
			isa = PBXVariantGroup;
			children = (
				2BDCF50B1C282D1F002BD2DD /* Base */,
			);
			name = LaunchScreen.storyboard;
			sourceTree = "<group>";
		};
/* End PBXVariantGroup section */

/* Begin XCBuildConfiguration section */
		2BDCF5241C282D1F002BD2DD /* Debug */ = {
			isa = XCBuildConfiguration;
			buildSettings = {
				ALWAYS_SEARCH_USER_PATHS = NO;
				CLANG_CXX_LANGUAGE_STANDARD = "gnu++0x";
				CLANG_CXX_LIBRARY = "libc++";
				CLANG_ENABLE_MODULES = YES;
				CLANG_ENABLE_OBJC_ARC = YES;
				CLANG_WARN_BOOL_CONVERSION = YES;
				CLANG_WARN_CONSTANT_CONVERSION = YES;
				CLANG_WARN_DIRECT_OBJC_ISA_USAGE = YES_ERROR;
				CLANG_WARN_EMPTY_BODY = YES;
				CLANG_WARN_ENUM_CONVERSION = YES;
				CLANG_WARN_INT_CONVERSION = YES;
				CLANG_WARN_OBJC_ROOT_CLASS = YES_ERROR;
				CLANG_WARN_UNREACHABLE_CODE = YES;
				CLANG_WARN__DUPLICATE_METHOD_MATCH = YES;
				"CODE_SIGN_IDENTITY[sdk=iphoneos*]" = "iPhone Developer";
				COPY_PHASE_STRIP = NO;
				DEBUG_INFORMATION_FORMAT = dwarf;
				ENABLE_STRICT_OBJC_MSGSEND = YES;
				ENABLE_TESTABILITY = YES;
				GCC_C_LANGUAGE_STANDARD = gnu99;
				GCC_DYNAMIC_NO_PIC = NO;
				GCC_NO_COMMON_BLOCKS = YES;
				GCC_OPTIMIZATION_LEVEL = 0;
				GCC_PREPROCESSOR_DEFINITIONS = (
					"DEBUG=1",
					"$(inherited)",
				);
				GCC_WARN_64_TO_32_BIT_CONVERSION = YES;
				GCC_WARN_ABOUT_RETURN_TYPE = YES_ERROR;
				GCC_WARN_UNDECLARED_SELECTOR = YES;
				GCC_WARN_UNINITIALIZED_AUTOS = YES_AGGRESSIVE;
				GCC_WARN_UNUSED_FUNCTION = YES;
				GCC_WARN_UNUSED_VARIABLE = YES;
				IPHONEOS_DEPLOYMENT_TARGET = 9.2;
				MTL_ENABLE_DEBUG_INFO = YES;
				ONLY_ACTIVE_ARCH = YES;
				SDKROOT = iphoneos;
				SWIFT_OPTIMIZATION_LEVEL = "-Onone";
			};
			name = Debug;
		};
		2BDCF5251C282D1F002BD2DD /* Release */ = {
			isa = XCBuildConfiguration;
			buildSettings = {
				ALWAYS_SEARCH_USER_PATHS = NO;
				CLANG_CXX_LANGUAGE_STANDARD = "gnu++0x";
				CLANG_CXX_LIBRARY = "libc++";
				CLANG_ENABLE_MODULES = YES;
				CLANG_ENABLE_OBJC_ARC = YES;
				CLANG_WARN_BOOL_CONVERSION = YES;
				CLANG_WARN_CONSTANT_CONVERSION = YES;
				CLANG_WARN_DIRECT_OBJC_ISA_USAGE = YES_ERROR;
				CLANG_WARN_EMPTY_BODY = YES;
				CLANG_WARN_ENUM_CONVERSION = YES;
				CLANG_WARN_INT_CONVERSION = YES;
				CLANG_WARN_OBJC_ROOT_CLASS = YES_ERROR;
				CLANG_WARN_UNREACHABLE_CODE = YES;
				CLANG_WARN__DUPLICATE_METHOD_MATCH = YES;
				"CODE_SIGN_IDENTITY[sdk=iphoneos*]" = "iPhone Developer";
				COPY_PHASE_STRIP = NO;
				DEBUG_INFORMATION_FORMAT = "dwarf-with-dsym";
				ENABLE_NS_ASSERTIONS = NO;
				ENABLE_STRICT_OBJC_MSGSEND = YES;
				GCC_C_LANGUAGE_STANDARD = gnu99;
				GCC_NO_COMMON_BLOCKS = YES;
				GCC_WARN_64_TO_32_BIT_CONVERSION = YES;
				GCC_WARN_ABOUT_RETURN_TYPE = YES_ERROR;
				GCC_WARN_UNDECLARED_SELECTOR = YES;
				GCC_WARN_UNINITIALIZED_AUTOS = YES_AGGRESSIVE;
				GCC_WARN_UNUSED_FUNCTION = YES;
				GCC_WARN_UNUSED_VARIABLE = YES;
				IPHONEOS_DEPLOYMENT_TARGET = 9.2;
				MTL_ENABLE_DEBUG_INFO = NO;
				SDKROOT = iphoneos;
				VALIDATE_PRODUCT = YES;
			};
			name = Release;
		};
		2BDCF5271C282D1F002BD2DD /* Debug */ = {
			isa = XCBuildConfiguration;
			buildSettings = {
				ASSETCATALOG_COMPILER_APPICON_NAME = AppIcon;
				CODE_SIGN_IDENTITY = "iPhone Developer";
				INFOPLIST_FILE = TestGithub/Info.plist;
				LD_RUNPATH_SEARCH_PATHS = "$(inherited) @executable_path/Frameworks";
				PRODUCT_BUNDLE_IDENTIFIER = com.songlin.TestGithub;
				PRODUCT_NAME = "$(TARGET_NAME)";
			};
			name = Debug;
		};
		2BDCF5281C282D1F002BD2DD /* Release */ = {
			isa = XCBuildConfiguration;
			buildSettings = {
				ASSETCATALOG_COMPILER_APPICON_NAME = AppIcon;
				CODE_SIGN_IDENTITY = "iPhone Developer";
				INFOPLIST_FILE = TestGithub/Info.plist;
				LD_RUNPATH_SEARCH_PATHS = "$(inherited) @executable_path/Frameworks";
				PRODUCT_BUNDLE_IDENTIFIER = com.songlin.TestGithub;
				PRODUCT_NAME = "$(TARGET_NAME)";
			};
			name = Release;
		};
		2BDCF52A1C282D1F002BD2DD /* Debug */ = {
			isa = XCBuildConfiguration;
			buildSettings = {
				BUNDLE_LOADER = "$(TEST_HOST)";
				INFOPLIST_FILE = TestGithubTests/Info.plist;
				LD_RUNPATH_SEARCH_PATHS = "$(inherited) @executable_path/Frameworks @loader_path/Frameworks";
				PRODUCT_BUNDLE_IDENTIFIER = com.songlin.TestGithubTests;
				PRODUCT_NAME = "$(TARGET_NAME)";
				TEST_HOST = "$(BUILT_PRODUCTS_DIR)/TestGithub.app/TestGithub";
			};
			name = Debug;
		};
		2BDCF52B1C282D1F002BD2DD /* Release */ = {
			isa = XCBuildConfiguration;
			buildSettings = {
				BUNDLE_LOADER = "$(TEST_HOST)";
				INFOPLIST_FILE = TestGithubTests/Info.plist;
				LD_RUNPATH_SEARCH_PATHS = "$(inherited) @executable_path/Frameworks @loader_path/Frameworks";
				PRODUCT_BUNDLE_IDENTIFIER = com.songlin.TestGithubTests;
				PRODUCT_NAME = "$(TARGET_NAME)";
				TEST_HOST = "$(BUILT_PRODUCTS_DIR)/TestGithub.app/TestGithub";
			};
			name = Release;
		};
		2BDCF52D1C282D1F002BD2DD /* Debug */ = {
			isa = XCBuildConfiguration;
			buildSettings = {
				INFOPLIST_FILE = TestGithubUITests/Info.plist;
				LD_RUNPATH_SEARCH_PATHS = "$(inherited) @executable_path/Frameworks @loader_path/Frameworks";
				PRODUCT_BUNDLE_IDENTIFIER = com.songlin.TestGithubUITests;
				PRODUCT_NAME = "$(TARGET_NAME)";
				TEST_TARGET_NAME = TestGithub;
				USES_XCTRUNNER = YES;
			};
			name = Debug;
		};
		2BDCF52E1C282D1F002BD2DD /* Release */ = {
			isa = XCBuildConfiguration;
			buildSettings = {
				INFOPLIST_FILE = TestGithubUITests/Info.plist;
				LD_RUNPATH_SEARCH_PATHS = "$(inherited) @executable_path/Frameworks @loader_path/Frameworks";
				PRODUCT_BUNDLE_IDENTIFIER = com.songlin.TestGithubUITests;
				PRODUCT_NAME = "$(TARGET_NAME)";
				TEST_TARGET_NAME = TestGithub;
				USES_XCTRUNNER = YES;
			};
			name = Release;
		};
/* End XCBuildConfiguration section */

/* Begin XCConfigurationList section */
		2BDCF4F91C282D1F002BD2DD /* Build configuration list for PBXProject "TestGithub" */ = {
			isa = XCConfigurationList;
			buildConfigurations = (
				2BDCF5241C282D1F002BD2DD /* Debug */,
				2BDCF5251C282D1F002BD2DD /* Release */,
			);
			defaultConfigurationIsVisible = 0;
			defaultConfigurationName = Release;
		};
		2BDCF5261C282D1F002BD2DD /* Build configuration list for PBXNativeTarget "TestGithub" */ = {
			isa = XCConfigurationList;
			buildConfigurations = (
				2BDCF5271C282D1F002BD2DD /* Debug */,
				2BDCF5281C282D1F002BD2DD /* Release */,
			);
			defaultConfigurationIsVisible = 0;
		};
		2BDCF5291C282D1F002BD2DD /* Build configuration list for PBXNativeTarget "TestGithubTests" */ = {
			isa = XCConfigurationList;
			buildConfigurations = (
				2BDCF52A1C282D1F002BD2DD /* Debug */,
				2BDCF52B1C282D1F002BD2DD /* Release */,
			);
			defaultConfigurationIsVisible = 0;
		};
		2BDCF52C1C282D1F002BD2DD /* Build configuration list for PBXNativeTarget "TestGithubUITests" */ = {
			isa = XCConfigurationList;
			buildConfigurations = (
				2BDCF52D1C282D1F002BD2DD /* Debug */,
				2BDCF52E1C282D1F002BD2DD /* Release */,
			);
			defaultConfigurationIsVisible = 0;
		};
/* End XCConfigurationList section */
	};
	rootObject = 2BDCF4F61C282D1F002BD2DD /* Project object */;
}
